
Microsoft Visual Studio Solution File, Format Version 12.00
# Visual Studio Version 16
VisualStudioVersion = 16.0.31105.61
MinimumVisualStudioVersion = 10.0.40219.1
Project("{FAE04EC0-301F-11D3-BF4B-00C04F79EFBC}") = "CW5_Wstrzykiwanie Serwisu", "CW5_Wstrzykiwanie Serwisu\CW5_Wstrzykiwanie Serwisu.csproj", "{2BF75668-7E5E-40D8-83CF-DA07A5733327}"
EndProject
Global
	GlobalSection(SolutionConfigurationPlatforms) = preSolution
		Debug|Any CPU = Debug|Any CPU
		Release|Any CPU = Release|Any CPU
	EndGlobalSection
	GlobalSection(ProjectConfigurationPlatforms) = postSolution
		{2BF75668-7E5E-40D8-83CF-DA07A5733327}.Debug|Any CPU.ActiveCfg = Debug|Any CPU
		{2BF75668-7E5E-40D8-83CF-DA07A5733327}.Debug|Any CPU.Build.0 = Debug|Any CPU
		{2BF75668-7E5E-40D8-83CF-DA07A5733327}.Release|Any CPU.ActiveCfg = Release|Any CPU
		{2BF75668-7E5E-40D8-83CF-DA07A5733327}.Release|Any CPU.Build.0 = Release|Any CPU
	EndGlobalSection
	GlobalSection(SolutionProperties) = preSolution
		HideSolutionNode = FALSE
	EndGlobalSection
	GlobalSection(ExtensibilityGlobals) = postSolution
		SolutionGuid = {7A070A47-6D22-4F84-A128-ABA9398ABA3D}
	EndGlobalSection
EndGlobal
